{
  "name": "@weibaohui/dsh-settings-ui",
  "version": "0.2.5",
  "lockfileVersion": 3,
  "requires": true,
  "packages": {
    "": {
      "name": "@weibaohui/dsh-settings-ui",
      "version": "0.2.5",
      "license": "MIT",
      "engines": {
        "dsh": ">=0.1.7-rc.2",
        "node": ">=22.5"
      }
    }
  }
}
